
Microsoft Visual Studio Solution File, Format Version 12.00
# Visual Studio Version 17
VisualStudioVersion = 17.5.002.0
MinimumVisualStudioVersion = 10.0.40219.1
Project("{9A19103F-16F7-4668-BE54-9A1E7A4F7556}") = "Webapp", "Webapp.csproj", "{C9899A83-DCC5-4D96-92B5-20E757FF5A6F}"
EndProject
Global
	GlobalSection(SolutionConfigurationPlatforms) = preSolution
		Debug|Any CPU = Debug|Any CPU
		Release|Any CPU = Release|Any CPU
	EndGlobalSection
	GlobalSection(ProjectConfigurationPlatforms) = postSolution
		{C9899A83-DCC5-4D96-92B5-20E757FF5A6F}.Debug|Any CPU.ActiveCfg = Debug|Any CPU
		{C9899A83-DCC5-4D96-92B5-20E757FF5A6F}.Debug|Any CPU.Build.0 = Debug|Any CPU
		{C9899A83-DCC5-4D96-92B5-20E757FF5A6F}.Release|Any CPU.ActiveCfg = Release|Any CPU
		{C9899A83-DCC5-4D96-92B5-20E757FF5A6F}.Release|Any CPU.Build.0 = Release|Any CPU
	EndGlobalSection
	GlobalSection(SolutionProperties) = preSolution
		HideSolutionNode = FALSE
	EndGlobalSection
	GlobalSection(ExtensibilityGlobals) = postSolution
		SolutionGuid = {72B6B772-6B4A-48FC-B7FE-070C4C185A5E}
	EndGlobalSection
EndGlobal
